// !$*UTF8*$!
{
	archiveVersion = 1;
	classes = {
	};
	objectVersion = 56;
	objects = {

/* Begin PBXBuildFile section */
		3EAAEA112906078E008AC207 /* MonthlyApp.swift in Sources */ = {isa = PBXBuildFile; fileRef = 3EAAEA102906078E008AC207 /* MonthlyApp.swift */; };
		3EAAEA132906078E008AC207 /* ContentView.swift in Sources */ = {isa = PBXBuildFile; fileRef = 3EAAEA122906078E008AC207 /* ContentView.swift */; };
		3EAAEA152906078F008AC207 /* Assets.xcassets in Resources */ = {isa = PBXBuildFile; fileRef = 3EAAEA142906078F008AC207 /* Assets.xcassets */; };
		3EAAEA182906078F008AC207 /* Preview Assets.xcassets in Resources */ = {isa = PBXBuildFile; fileRef = 3EAAEA172906078F008AC207 /* Preview Assets.xcassets */; };
		3EAAEA2529060CC3008AC207 /* WidgetKit.framework in Frameworks */ = {isa = PBXBuildFile; fileRef = 3EAAEA2429060CC3008AC207 /* WidgetKit.framework */; };
		3EAAEA2729060CC3008AC207 /* SwiftUI.framework in Frameworks */ = {isa = PBXBuildFile; fileRef = 3EAAEA2629060CC3008AC207 /* SwiftUI.framework */; };
		3EAAEA2A29060CC3008AC207 /* Monthly_WidgetBundle.swift in Sources */ = {isa = PBXBuildFile; fileRef = 3EAAEA2929060CC3008AC207 /* Monthly_WidgetBundle.swift */; };
		3EAAEA2C29060CC3008AC207 /* Monthly_Widget.swift in Sources */ = {isa = PBXBuildFile; fileRef = 3EAAEA2B29060CC3008AC207 /* Monthly_Widget.swift */; };
		3EAAEA2F29060CC5008AC207 /* Assets.xcassets in Resources */ = {isa = PBXBuildFile; fileRef = 3EAAEA2E29060CC5008AC207 /* Assets.xcassets */; };
		3EAAEA3529060CC5008AC207 /* Monthly WidgetExtension.appex in Embed Foundation Extensions */ = {isa = PBXBuildFile; fileRef = 3EAAEA2229060CC3008AC207 /* Monthly WidgetExtension.appex */; settings = {ATTRIBUTES = (RemoveHeadersOnCopy, ); }; };
/* End PBXBuildFile section */

/* Begin PBXContainerItemProxy section */
		3EAAEA3329060CC5008AC207 /* PBXContainerItemProxy */ = {
			isa = PBXContainerItemProxy;
			containerPortal = 3EAAEA052906078E008AC207 /* Project object */;
			proxyType = 1;
			remoteGlobalIDString = 3EAAEA2129060CC3008AC207;
			remoteInfo = "Monthly WidgetExtension";
		};
/* End PBXContainerItemProxy section */

/* Begin PBXCopyFilesBuildPhase section */
		3EAAEA3929060CC5008AC207 /* Embed Foundation Extensions */ = {
			isa = PBXCopyFilesBuildPhase;
			buildActionMask = 2147483647;
			dstPath = "";
			dstSubfolderSpec = 13;
			files = (
				3EAAEA3529060CC5008AC207 /* Monthly WidgetExtension.appex in Embed Foundation Extensions */,
			);
			name = "Embed Foundation Extensions";
			runOnlyForDeploymentPostprocessing = 0;
		};
/* End PBXCopyFilesBuildPhase section */

/* Begin PBXFileReference section */
		3EAAEA0D2906078E008AC207 /* Monthly.app */ = {isa = PBXFileReference; explicitFileType = wrapper.application; includeInIndex = 0; path = Monthly.app; sourceTree = BUILT_PRODUCTS_DIR; };
		3EAAEA102906078E008AC207 /* MonthlyApp.swift */ = {isa = PBXFileReference; lastKnownFileType = sourcecode.swift; path = MonthlyApp.swift; sourceTree = "<group>"; };
		3EAAEA122906078E008AC207 /* ContentView.swift */ = {isa = PBXFileReference; lastKnownFileType = sourcecode.swift; path = ContentView.swift; sourceTree = "<group>"; };
		3EAAEA142906078F008AC207 /* Assets.xcassets */ = {isa = PBXFileReference; lastKnownFileType = folder.assetcatalog; path = Assets.xcassets; sourceTree = "<group>"; };
		3EAAEA172906078F008AC207 /* Preview Assets.xcassets */ = {isa = PBXFileReference; lastKnownFileType = folder.assetcatalog; path = "Preview Assets.xcassets"; sourceTree = "<group>"; };
		3EAAEA2229060CC3008AC207 /* Monthly WidgetExtension.appex */ = {isa = PBXFileReference; explicitFileType = "wrapper.app-extension"; includeInIndex = 0; path = "Monthly WidgetExtension.appex"; sourceTree = BUILT_PRODUCTS_DIR; };
		3EAAEA2429060CC3008AC207 /* WidgetKit.framework */ = {isa = PBXFileReference; lastKnownFileType = wrapper.framework; name = WidgetKit.framework; path = System/Library/Frameworks/WidgetKit.framework; sourceTree = SDKROOT; };
		3EAAEA2629060CC3008AC207 /* SwiftUI.framework */ = {isa = PBXFileReference; lastKnownFileType = wrapper.framework; name = SwiftUI.framework; path = System/Library/Frameworks/SwiftUI.framework; sourceTree = SDKROOT; };
		3EAAEA2929060CC3008AC207 /* Monthly_WidgetBundle.swift */ = {isa = PBXFileReference; lastKnownFileType = sourcecode.swift; path = Monthly_WidgetBundle.swift; sourceTree = "<group>"; };
		3EAAEA2B29060CC3008AC207 /* Monthly_Widget.swift */ = {isa = PBXFileReference; lastKnownFileType = sourcecode.swift; path = Monthly_Widget.swift; sourceTree = "<group>"; };
		3EAAEA2E29060CC5008AC207 /* Assets.xcassets */ = {isa = PBXFileReference; lastKnownFileType = folder.assetcatalog; path = Assets.xcassets; sourceTree = "<group>"; };
		3EAAEA3029060CC5008AC207 /* Info.plist */ = {isa = PBXFileReference; lastKnownFileType = text.plist.xml; path = Info.plist; sourceTree = "<group>"; };
/* End PBXFileReference section */

/* Begin PBXFrameworksBuildPhase section */
		3EAAEA0A2906078E008AC207 /* Frameworks */ = {
			isa = PBXFrameworksBuildPhase;
			buildActionMask = 2147483647;
			files = (
			);
			runOnlyForDeploymentPostprocessing = 0;
		};
		3EAAEA1F29060CC3008AC207 /* Frameworks */ = {
			isa = PBXFrameworksBuildPhase;
			buildActionMask = 2147483647;
			files = (
				3EAAEA2729060CC3008AC207 /* SwiftUI.framework in Frameworks */,
				3EAAEA2529060CC3008AC207 /* WidgetKit.framework in Frameworks */,
			);
			runOnlyForDeploymentPostprocessing = 0;
		};
/* End PBXFrameworksBuildPhase section */

/* Begin PBXGroup section */
		3EAAEA042906078E008AC207 = {
			isa = PBXGroup;
			children = (
				3EAAEA0F2906078E008AC207 /* Monthly */,
				3EAAEA2829060CC3008AC207 /* Monthly Widget */,
				3EAAEA2329060CC3008AC207 /* Frameworks */,
				3EAAEA0E2906078E008AC207 /* Products */,
			);
			sourceTree = "<group>";
		};
		3EAAEA0E2906078E008AC207 /* Products */ = {
			isa = PBXGroup;
			children = (
				3EAAEA0D2906078E008AC207 /* Monthly.app */,
				3EAAEA2229060CC3008AC207 /* Monthly WidgetExtension.appex */,
			);
			name = Products;
			sourceTree = "<group>";
		};
		3EAAEA0F2906078E008AC207 /* Monthly */ = {
			isa = PBXGroup;
			children = (
				3EAAEA102906078E008AC207 /* MonthlyApp.swift */,
				3EAAEA122906078E008AC207 /* ContentView.swift */,
				3EAAEA142906078F008AC207 /* Assets.xcassets */,
				3EAAEA162906078F008AC207 /* Preview Content */,
			);
			path = Monthly;
			sourceTree = "<group>";
		};
		3EAAEA162906078F008AC207 /* Preview Content */ = {
			isa = PBXGroup;
			children = (
				3EAAEA172906078F008AC207 /* Preview Assets.xcassets */,
			);
			path = "Preview Content";
			sourceTree = "<group>";
		};
		3EAAEA2329060CC3008AC207 /* Frameworks */ = {
			isa = PBXGroup;
			children = (
				3EAAEA2429060CC3008AC207 /* WidgetKit.framework */,
				3EAAEA2629060CC3008AC207 /* SwiftUI.framework */,
			);
			name = Frameworks;
			sourceTree = "<group>";
		};
		3EAAEA2829060CC3008AC207 /* Monthly Widget */ = {
			isa = PBXGroup;
			children = (
				3EAAEA2929060CC3008AC207 /* Monthly_WidgetBundle.swift */,
				3EAAEA2B29060CC3008AC207 /* Monthly_Widget.swift */,
				3EAAEA2E29060CC5008AC207 /* Assets.xcassets */,
				3EAAEA3029060CC5008AC207 /* Info.plist */,
			);
			path = "Monthly Widget";
			sourceTree = "<group>";
		};
/* End PBXGroup section */

/* Begin PBXNativeTarget section */
		3EAAEA0C2906078E008AC207 /* Monthly */ = {
			isa = PBXNativeTarget;
			buildConfigurationList = 3EAAEA1B2906078F008AC207 /* Build configuration list for PBXNativeTarget "Monthly" */;
			buildPhases = (
				3EAAEA092906078E008AC207 /* Sources */,
				3EAAEA0A2906078E008AC207 /* Frameworks */,
				3EAAEA0B2906078E008AC207 /* Resources */,
				3EAAEA3929060CC5008AC207 /* Embed Foundation Extensions */,
			);
			buildRules = (
			);
			dependencies = (
				3EAAEA3429060CC5008AC207 /* PBXTargetDependency */,
			);
			name = Monthly;
			productName = Monthly;
			productReference = 3EAAEA0D2906078E008AC207 /* Monthly.app */;
			productType = "com.apple.product-type.application";
		};
		3EAAEA2129060CC3008AC207 /* Monthly WidgetExtension */ = {
			isa = PBXNativeTarget;
			buildConfigurationList = 3EAAEA3629060CC5008AC207 /* Build configuration list for PBXNativeTarget "Monthly WidgetExtension" */;
			buildPhases = (
				3EAAEA1E29060CC3008AC207 /* Sources */,
				3EAAEA1F29060CC3008AC207 /* Frameworks */,
				3EAAEA2029060CC3008AC207 /* Resources */,
			);
			buildRules = (
			);
			dependencies = (
			);
			name = "Monthly WidgetExtension";
			productName = "Monthly WidgetExtension";
			productReference = 3EAAEA2229060CC3008AC207 /* Monthly WidgetExtension.appex */;
			productType = "com.apple.product-type.app-extension";
		};
/* End PBXNativeTarget section */

/* Begin PBXProject section */
		3EAAEA052906078E008AC207 /* Project object */ = {
			isa = PBXProject;
			attributes = {
				BuildIndependentTargetsInParallel = 1;
				LastSwiftUpdateCheck = 1410;
				LastUpgradeCheck = 1410;
				TargetAttributes = {
					3EAAEA0C2906078E008AC207 = {
						CreatedOnToolsVersion = 14.1;
					};
					3EAAEA2129060CC3008AC207 = {
						CreatedOnToolsVersion = 14.1;
					};
				};
			};
			buildConfigurationList = 3EAAEA082906078E008AC207 /* Build configuration list for PBXProject "Monthly" */;
			compatibilityVersion = "Xcode 14.0";
			developmentRegion = en;
			hasScannedForEncodings = 0;
			knownRegions = (
				en,
				Base,
			);
			mainGroup = 3EAAEA042906078E008AC207;
			productRefGroup = 3EAAEA0E2906078E008AC207 /* Products */;
			projectDirPath = "";
			projectRoot = "";
			targets = (
				3EAAEA0C2906078E008AC207 /* Monthly */,
				3EAAEA2129060CC3008AC207 /* Monthly WidgetExtension */,
			);
		};
/* End PBXProject section */

/* Begin PBXResourcesBuildPhase section */
		3EAAEA0B2906078E008AC207 /* Resources */ = {
			isa = PBXResourcesBuildPhase;
			buildActionMask = 2147483647;
			files = (
				3EAAEA182906078F008AC207 /* Preview Assets.xcassets in Resources */,
				3EAAEA152906078F008AC207 /* Assets.xcassets in Resources */,
			);
			runOnlyForDeploymentPostprocessing = 0;
		};
		3EAAEA2029060CC3008AC207 /* Resources */ = {
			isa = PBXResourcesBuildPhase;
			buildActionMask = 2147483647;
			files = (
				3EAAEA2F29060CC5008AC207 /* Assets.xcassets in Resources */,
			);
			runOnlyForDeploymentPostprocessing = 0;
		};
/* End PBXResourcesBuildPhase section */

/* Begin PBXSourcesBuildPhase section */
		3EAAEA092906078E008AC207 /* Sources */ = {
			isa = PBXSourcesBuildPhase;
			buildActionMask = 2147483647;
			files = (
				3EAAEA132906078E008AC207 /* ContentView.swift in Sources */,
				3EAAEA112906078E008AC207 /* MonthlyApp.swift in Sources */,
			);
			runOnlyForDeploymentPostprocessing = 0;
		};
		3EAAEA1E29060CC3008AC207 /* Sources */ = {
			isa = PBXSourcesBuildPhase;
			buildActionMask = 2147483647;
			files = (
				3EAAEA2A29060CC3008AC207 /* Monthly_WidgetBundle.swift in Sources */,
				3EAAEA2C29060CC3008AC207 /* Monthly_Widget.swift in Sources */,
			);
			runOnlyForDeploymentPostprocessing = 0;
		};
/* End PBXSourcesBuildPhase section */

/* Begin PBXTargetDependency section */
		3EAAEA3429060CC5008AC207 /* PBXTargetDependency */ = {
			isa = PBXTargetDependency;
			target = 3EAAEA2129060CC3008AC207 /* Monthly WidgetExtension */;
			targetProxy = 3EAAEA3329060CC5008AC207 /* PBXContainerItemProxy */;
		};
/* End PBXTargetDependency section */

/* Begin XCBuildConfiguration section */
		3EAAEA192906078F008AC207 /* Debug */ = {
			isa = XCBuildConfiguration;
			buildSettings = {
				ALWAYS_SEARCH_USER_PATHS = NO;
				CLANG_ANALYZER_NONNULL = YES;
				CLANG_ANALYZER_NUMBER_OBJECT_CONVERSION = YES_AGGRESSIVE;
				CLANG_CXX_LANGUAGE_STANDARD = "gnu++20";
				CLANG_ENABLE_MODULES = YES;
				CLANG_ENABLE_OBJC_ARC = YES;
				CLANG_ENABLE_OBJC_WEAK = YES;
				CLANG_WARN_BLOCK_CAPTURE_AUTORELEASING = YES;
				CLANG_WARN_BOOL_CONVERSION = YES;
				CLANG_WARN_COMMA = YES;
				CLANG_WARN_CONSTANT_CONVERSION = YES;
				CLANG_WARN_DEPRECATED_OBJC_IMPLEMENTATIONS = YES;
				CLANG_WARN_DIRECT_OBJC_ISA_USAGE = YES_ERROR;
				CLANG_WARN_DOCUMENTATION_COMMENTS = YES;
				CLANG_WARN_EMPTY_BODY = YES;
				CLANG_WARN_ENUM_CONVERSION = YES;
				CLANG_WARN_INFINITE_RECURSION = YES;
				CLANG_WARN_INT_CONVERSION = YES;
				CLANG_WARN_NON_LITERAL_NULL_CONVERSION = YES;
				CLANG_WARN_OBJC_IMPLICIT_RETAIN_SELF = YES;
				CLANG_WARN_OBJC_LITERAL_CONVERSION = YES;
				CLANG_WARN_OBJC_ROOT_CLASS = YES_ERROR;
				CLANG_WARN_QUOTED_INCLUDE_IN_FRAMEWORK_HEADER = YES;
				CLANG_WARN_RANGE_LOOP_ANALYSIS = YES;
				CLANG_WARN_STRICT_PROTOTYPES = YES;
				CLANG_WARN_SUSPICIOUS_MOVE = YES;
				CLANG_WARN_UNGUARDED_AVAILABILITY = YES_AGGRESSIVE;
				CLANG_WARN_UNREACHABLE_CODE = YES;
				CLANG_WARN__DUPLICATE_METHOD_MATCH = YES;
				COPY_PHASE_STRIP = NO;
				DEBUG_INFORMATION_FORMAT = dwarf;
				ENABLE_STRICT_OBJC_MSGSEND = YES;
				ENABLE_TESTABILITY = YES;
				GCC_C_LANGUAGE_STANDARD = gnu11;
				GCC_DYNAMIC_NO_PIC = NO;
				GCC_NO_COMMON_BLOCKS = YES;
				GCC_OPTIMIZATION_LEVEL = 0;
				GCC_PREPROCESSOR_DEFINITIONS = (
					"DEBUG=1",
					"$(inherited)",
				);
				GCC_WARN_64_TO_32_BIT_CONVERSION = YES;
				GCC_WARN_ABOUT_RETURN_TYPE = YES_ERROR;
				GCC_WARN_UNDECLARED_SELECTOR = YES;
				GCC_WARN_UNINITIALIZED_AUTOS = YES_AGGRESSIVE;
				GCC_WARN_UNUSED_FUNCTION = YES;
				GCC_WARN_UNUSED_VARIABLE = YES;
				IPHONEOS_DEPLOYMENT_TARGET = 16.1;
				MTL_ENABLE_DEBUG_INFO = INCLUDE_SOURCE;
				MTL_FAST_MATH = YES;
				ONLY_ACTIVE_ARCH = YES;
				SDKROOT = iphoneos;
				SWIFT_ACTIVE_COMPILATION_CONDITIONS = DEBUG;
				SWIFT_OPTIMIZATION_LEVEL = "-Onone";
			};
			name = Debug;
		};
		3EAAEA1A2906078F008AC207 /* Release */ = {
			isa = XCBuildConfiguration;
			buildSettings = {
				ALWAYS_SEARCH_USER_PATHS = NO;
				CLANG_ANALYZER_NONNULL = YES;
				CLANG_ANALYZER_NUMBER_OBJECT_CONVERSION = YES_AGGRESSIVE;
				CLANG_CXX_LANGUAGE_STANDARD = "gnu++20";
				CLANG_ENABLE_MODULES = YES;
				CLANG_ENABLE_OBJC_ARC = YES;
				CLANG_ENABLE_OBJC_WEAK = YES;
				CLANG_WARN_BLOCK_CAPTURE_AUTORELEASING = YES;
				CLANG_WARN_BOOL_CONVERSION = YES;
				CLANG_WARN_COMMA = YES;
				CLANG_WARN_CONSTANT_CONVERSION = YES;
				CLANG_WARN_DEPRECATED_OBJC_IMPLEMENTATIONS = YES;
				CLANG_WARN_DIRECT_OBJC_ISA_USAGE = YES_ERROR;
				CLANG_WARN_DOCUMENTATION_COMMENTS = YES;
				CLANG_WARN_EMPTY_BODY = YES;
				CLANG_WARN_ENUM_CONVERSION = YES;
				CLANG_WARN_INFINITE_RECURSION = YES;
				CLANG_WARN_INT_CONVERSION = YES;
				CLANG_WARN_NON_LITERAL_NULL_CONVERSION = YES;
				CLANG_WARN_OBJC_IMPLICIT_RETAIN_SELF = YES;
				CLANG_WARN_OBJC_LITERAL_CONVERSION = YES;
				CLANG_WARN_OBJC_ROOT_CLASS = YES_ERROR;
				CLANG_WARN_QUOTED_INCLUDE_IN_FRAMEWORK_HEADER = YES;
				CLANG_WARN_RANGE_LOOP_ANALYSIS = YES;
				CLANG_WARN_STRICT_PROTOTYPES = YES;
				CLANG_WARN_SUSPICIOUS_MOVE = YES;
				CLANG_WARN_UNGUARDED_AVAILABILITY = YES_AGGRESSIVE;
				CLANG_WARN_UNREACHABLE_CODE = YES;
				CLANG_WARN__DUPLICATE_METHOD_MATCH = YES;
				COPY_PHASE_STRIP = NO;
				DEBUG_INFORMATION_FORMAT = "dwarf-with-dsym";
				ENABLE_NS_ASSERTIONS = NO;
				ENABLE_STRICT_OBJC_MSGSEND = YES;
				GCC_C_LANGUAGE_STANDARD = gnu11;
				GCC_NO_COMMON_BLOCKS = YES;
				GCC_WARN_64_TO_32_BIT_CONVERSION = YES;
				GCC_WARN_ABOUT_RETURN_TYPE = YES_ERROR;
				GCC_WARN_UNDECLARED_SELECTOR = YES;
				GCC_WARN_UNINITIALIZED_AUTOS = YES_AGGRESSIVE;
				GCC_WARN_UNUSED_FUNCTION = YES;
				GCC_WARN_UNUSED_VARIABLE = YES;
				IPHONEOS_DEPLOYMENT_TARGET = 16.1;
				MTL_ENABLE_DEBUG_INFO = NO;
				MTL_FAST_MATH = YES;
				SDKROOT = iphoneos;
				SWIFT_COMPILATION_MODE = wholemodule;
				SWIFT_OPTIMIZATION_LEVEL = "-O";
				VALIDATE_PRODUCT = YES;
			};
			name = Release;
		};
		3EAAEA1C2906078F008AC207 /* Debug */ = {
			isa = XCBuildConfiguration;
			buildSettings = {
				ALWAYS_EMBED_SWIFT_STANDARD_LIBRARIES = YES;
				ASSETCATALOG_COMPILER_APPICON_NAME = AppIcon;
				ASSETCATALOG_COMPILER_GLOBAL_ACCENT_COLOR_NAME = AccentColor;
				CODE_SIGN_STYLE = Automatic;
				CURRENT_PROJECT_VERSION = 1;
				DEVELOPMENT_ASSET_PATHS = "\"Monthly/Preview Content\"";
				DEVELOPMENT_TEAM = Y9UNY8645A;
				ENABLE_PREVIEWS = YES;
				GENERATE_INFOPLIST_FILE = YES;
				INFOPLIST_KEY_UIApplicationSceneManifest_Generation = YES;
				INFOPLIST_KEY_UIApplicationSupportsIndirectInputEvents = YES;
				INFOPLIST_KEY_UILaunchScreen_Generation = YES;
				INFOPLIST_KEY_UISupportedInterfaceOrientations_iPad = "UIInterfaceOrientationPortrait UIInterfaceOrientationPortraitUpsideDown UIInterfaceOrientationLandscapeLeft UIInterfaceOrientationLandscapeRight";
				INFOPLIST_KEY_UISupportedInterfaceOrientations_iPhone = "UIInterfaceOrientationPortrait UIInterfaceOrientationLandscapeLeft UIInterfaceOrientationLandscapeRight";
				LD_RUNPATH_SEARCH_PATHS = (
					"$(inherited)",
					"@executable_path/Frameworks",
				);
				MARKETING_VERSION = 1.0;
				PRODUCT_BUNDLE_IDENTIFIER = nickr.rios.Monthly;
				PRODUCT_NAME = "$(TARGET_NAME)";
				SWIFT_EMIT_LOC_STRINGS = YES;
				SWIFT_VERSION = 5.0;
				TARGETED_DEVICE_FAMILY = "1,2";
			};
			name = Debug;
		};
		3EAAEA1D2906078F008AC207 /* Release */ = {
			isa = XCBuildConfiguration;
			buildSettings = {
				ALWAYS_EMBED_SWIFT_STANDARD_LIBRARIES = YES;
				ASSETCATALOG_COMPILER_APPICON_NAME = AppIcon;
				ASSETCATALOG_COMPILER_GLOBAL_ACCENT_COLOR_NAME = AccentColor;
				CODE_SIGN_STYLE = Automatic;
				CURRENT_PROJECT_VERSION = 1;
				DEVELOPMENT_ASSET_PATHS = "\"Monthly/Preview Content\"";
				DEVELOPMENT_TEAM = Y9UNY8645A;
				ENABLE_PREVIEWS = YES;
				GENERATE_INFOPLIST_FILE = YES;
				INFOPLIST_KEY_UIApplicationSceneManifest_Generation = YES;
				INFOPLIST_KEY_UIApplicationSupportsIndirectInputEvents = YES;
				INFOPLIST_KEY_UILaunchScreen_Generation = YES;
				INFOPLIST_KEY_UISupportedInterfaceOrientations_iPad = "UIInterfaceOrientationPortrait UIInterfaceOrientationPortraitUpsideDown UIInterfaceOrientationLandscapeLeft UIInterfaceOrientationLandscapeRight";
				INFOPLIST_KEY_UISupportedInterfaceOrientations_iPhone = "UIInterfaceOrientationPortrait UIInterfaceOrientationLandscapeLeft UIInterfaceOrientationLandscapeRight";
				LD_RUNPATH_SEARCH_PATHS = (
					"$(inherited)",
					"@executable_path/Frameworks",
				);
				MARKETING_VERSION = 1.0;
				PRODUCT_BUNDLE_IDENTIFIER = nickr.rios.Monthly;
				PRODUCT_NAME = "$(TARGET_NAME)";
				SWIFT_EMIT_LOC_STRINGS = YES;
				SWIFT_VERSION = 5.0;
				TARGETED_DEVICE_FAMILY = "1,2";
			};
			name = Release;
		};
		3EAAEA3729060CC5008AC207 /* Debug */ = {
			isa = XCBuildConfiguration;
			buildSettings = {
				ASSETCATALOG_COMPILER_GLOBAL_ACCENT_COLOR_NAME = AccentColor;
				ASSETCATALOG_COMPILER_WIDGET_BACKGROUND_COLOR_NAME = WidgetBackground;
				CODE_SIGN_STYLE = Automatic;
				CURRENT_PROJECT_VERSION = 1;
				DEVELOPMENT_TEAM = Y9UNY8645A;
				GENERATE_INFOPLIST_FILE = YES;
				INFOPLIST_FILE = "Monthly Widget/Info.plist";
				INFOPLIST_KEY_CFBundleDisplayName = "Monthly Widget";
				INFOPLIST_KEY_NSHumanReadableCopyright = "";
				LD_RUNPATH_SEARCH_PATHS = (
					"$(inherited)",
					"@executable_path/Frameworks",
					"@executable_path/../../Frameworks",
				);
				MARKETING_VERSION = 1.0;
				PRODUCT_BUNDLE_IDENTIFIER = "nickr.rios.Monthly.Monthly-Widget";
				PRODUCT_NAME = "$(TARGET_NAME)";
				SKIP_INSTALL = YES;
				SWIFT_EMIT_LOC_STRINGS = YES;
				SWIFT_VERSION = 5.0;
				TARGETED_DEVICE_FAMILY = "1,2";
			};
			name = Debug;
		};
		3EAAEA3829060CC5008AC207 /* Release */ = {
			isa = XCBuildConfiguration;
			buildSettings = {
				ASSETCATALOG_COMPILER_GLOBAL_ACCENT_COLOR_NAME = AccentColor;
				ASSETCATALOG_COMPILER_WIDGET_BACKGROUND_COLOR_NAME = WidgetBackground;
				CODE_SIGN_STYLE = Automatic;
				CURRENT_PROJECT_VERSION = 1;
				DEVELOPMENT_TEAM = Y9UNY8645A;
				GENERATE_INFOPLIST_FILE = YES;
				INFOPLIST_FILE = "Monthly Widget/Info.plist";
				INFOPLIST_KEY_CFBundleDisplayName = "Monthly Widget";
				INFOPLIST_KEY_NSHumanReadableCopyright = "";
				LD_RUNPATH_SEARCH_PATHS = (
					"$(inherited)",
					"@executable_path/Frameworks",
					"@executable_path/../../Frameworks",
				);
				MARKETING_VERSION = 1.0;
				PRODUCT_BUNDLE_IDENTIFIER = "nickr.rios.Monthly.Monthly-Widget";
				PRODUCT_NAME = "$(TARGET_NAME)";
				SKIP_INSTALL = YES;
				SWIFT_EMIT_LOC_STRINGS = YES;
				SWIFT_VERSION = 5.0;
				TARGETED_DEVICE_FAMILY = "1,2";
			};
			name = Release;
		};
/* End XCBuildConfiguration section */

/* Begin XCConfigurationList section */
		3EAAEA082906078E008AC207 /* Build configuration list for PBXProject "Monthly" */ = {
			isa = XCConfigurationList;
			buildConfigurations = (
				3EAAEA192906078F008AC207 /* Debug */,
				3EAAEA1A2906078F008AC207 /* Release */,
			);
			defaultConfigurationIsVisible = 0;
			defaultConfigurationName = Release;
		};
		3EAAEA1B2906078F008AC207 /* Build configuration list for PBXNativeTarget "Monthly" */ = {
			isa = XCConfigurationList;
			buildConfigurations = (
				3EAAEA1C2906078F008AC207 /* Debug */,
				3EAAEA1D2906078F008AC207 /* Release */,
			);
			defaultConfigurationIsVisible = 0;
			defaultConfigurationName = Release;
		};
		3EAAEA3629060CC5008AC207 /* Build configuration list for PBXNativeTarget "Monthly WidgetExtension" */ = {
			isa = XCConfigurationList;
			buildConfigurations = (
				3EAAEA3729060CC5008AC207 /* Debug */,
				3EAAEA3829060CC5008AC207 /* Release */,
			);
			defaultConfigurationIsVisible = 0;
			defaultConfigurationName = Release;
		};
/* End XCConfigurationList section */
	};
	rootObject = 3EAAEA052906078E008AC207 /* Project object */;
}
